// !$*UTF8*$!
{
	archiveVersion = 1;
	classes = {};
	objectVersion = 77;
	objects = {

		A10000000000000000000001 = {
			isa = PBXFileReference;
			lastKnownFileType = wrapper.framework;
			name = XCTest.framework;
			path = System/Library/Frameworks/XCTest.framework;
			sourceTree = SDKROOT;
		};
		A10000000000000000000002 = {
			isa = PBXFileReference;
			lastKnownFileType = sourcecode.swift;
			path = TakeformNativeCreatorWalkthroughTests.swift;
			sourceTree = "<group>";
		};
		A10000000000000000000003 = {
			explicitFileType = wrapper.cfbundle;
			includeInIndex = 0;
			isa = PBXFileReference;
			path = TakeformNativeCreatorWalkthroughTests.xctest;
			sourceTree = BUILT_PRODUCTS_DIR;
		};
		A10000000000000000000004 = {
			isa = PBXFileReference;
			lastKnownFileType = sourcecode.swift;
			name = SyntheticMediaFixtures.swift;
			path = ../../TakeformMediaTests/SyntheticMediaFixtures.swift;
			sourceTree = "<group>";
		};
		A10000000000000000000010 = {
			fileRef = A10000000000000000000001;
			isa = PBXBuildFile;
		};
		A10000000000000000000011 = {
			fileRef = A10000000000000000000002;
			isa = PBXBuildFile;
		};
		A10000000000000000000012 = {
			fileRef = A10000000000000000000004;
			isa = PBXBuildFile;
		};
		A10000000000000000000020 = {
			children = (
				A10000000000000000000021,
				A10000000000000000000022,
				A10000000000000000000023,
			);
			isa = PBXGroup;
			sourceTree = "<group>";
		};
		A10000000000000000000021 = {
			children = (
				A10000000000000000000002,
				A10000000000000000000004,
			);
			isa = PBXGroup;
			path = TakeformNativeCreatorWalkthroughTests;
			sourceTree = "<group>";
		};
		A10000000000000000000022 = {
			children = (
				A10000000000000000000001,
			);
			isa = PBXGroup;
			name = Frameworks;
			sourceTree = "<group>";
		};
		A10000000000000000000023 = {
			children = (
				A10000000000000000000003,
			);
			isa = PBXGroup;
			name = Products;
			sourceTree = "<group>";
		};
		A10000000000000000000030 = {
			buildActionMask = 2147483647;
			files = (
				A10000000000000000000010,
			);
			isa = PBXFrameworksBuildPhase;
			runOnlyForDeploymentPostprocessing = 0;
		};
		A10000000000000000000031 = {
			buildActionMask = 2147483647;
			files = (
				A10000000000000000000011,
				A10000000000000000000012,
			);
			isa = PBXSourcesBuildPhase;
			runOnlyForDeploymentPostprocessing = 0;
		};
		A10000000000000000000040 = {
			buildConfigurationList = A10000000000000000000041;
			buildPhases = (
				A10000000000000000000031,
				A10000000000000000000030,
			);
			buildRules = ();
			dependencies = ();
			isa = PBXNativeTarget;
			name = TakeformNativeCreatorWalkthroughTests;
			productName = TakeformNativeCreatorWalkthroughTests;
			productReference = A10000000000000000000003;
			productType = "com.apple.product-type.bundle.ui-testing";
		};
		A10000000000000000000041 = {
			buildConfigurations = (
				A10000000000000000000062,
				A10000000000000000000063,
			);
			defaultConfigurationIsVisible = 0;
			defaultConfigurationName = Debug;
			isa = XCConfigurationList;
		};
		A10000000000000000000050 = {
			attributes = {
				BuildIndependentTargetsInParallel = NO;
				LastSwiftUpdateCheck = 2640;
				LastUpgradeCheck = 2640;
				TargetAttributes = {
					A10000000000000000000040 = { CreatedOnToolsVersion = 26.4; };
				};
			};
			buildConfigurationList = A10000000000000000000051;
			compatibilityVersion = "Xcode 16.0";
			developmentRegion = en;
			hasScannedForEncodings = 0;
			isa = PBXProject;
			knownRegions = (en, Base);
			mainGroup = A10000000000000000000020;
			productRefGroup = A10000000000000000000023;
			projectDirPath = "";
			projectRoot = "";
			targets = (A10000000000000000000040);
		};
		A10000000000000000000051 = {
			buildConfigurations = (
				A10000000000000000000060,
				A10000000000000000000061,
			);
			defaultConfigurationIsVisible = 0;
			defaultConfigurationName = Debug;
			isa = XCConfigurationList;
		};
		A10000000000000000000060 = {
			buildSettings = { CLANG_ENABLE_MODULES = YES; SDKROOT = macosx; };
			isa = XCBuildConfiguration;
			name = Debug;
		};
		A10000000000000000000061 = {
			buildSettings = { CLANG_ENABLE_MODULES = YES; SDKROOT = macosx; };
			isa = XCBuildConfiguration;
			name = Release;
		};
		A10000000000000000000062 = {
			buildSettings = {
				CODE_SIGN_IDENTITY = "-";
				CODE_SIGN_STYLE = Manual;
				CODE_SIGNING_ALLOWED = YES;
				CODE_SIGNING_REQUIRED = YES;
				GENERATE_INFOPLIST_FILE = YES;
				MACOSX_DEPLOYMENT_TARGET = 14.0;
				PRODUCT_BUNDLE_IDENTIFIER = com.takeform.native-creator-walkthrough.tests;
				PRODUCT_NAME = "$(TARGET_NAME)";
				SDKROOT = macosx;
				SWIFT_VERSION = 6.0;
				TEST_HOST = "";
			};
			isa = XCBuildConfiguration;
			name = Debug;
		};
		A10000000000000000000063 = {
			buildSettings = {
				CODE_SIGN_IDENTITY = "-";
				CODE_SIGN_STYLE = Manual;
				CODE_SIGNING_ALLOWED = YES;
				CODE_SIGNING_REQUIRED = YES;
				GENERATE_INFOPLIST_FILE = YES;
				MACOSX_DEPLOYMENT_TARGET = 14.0;
				PRODUCT_BUNDLE_IDENTIFIER = com.takeform.native-creator-walkthrough.tests;
				PRODUCT_NAME = "$(TARGET_NAME)";
				SDKROOT = macosx;
				SWIFT_VERSION = 6.0;
				TEST_HOST = "";
			};
			isa = XCBuildConfiguration;
			name = Release;
		};
	};
	rootObject = A10000000000000000000050;
}
